
Microsoft Visual Studio Solution File, Format Version 12.00
# Visual Studio 2012
Project("{FAE04EC0-301F-11D3-BF4B-00C04F79EFBC}") = "AgileEAP.Tool.Publish", "AgileEAP.Tool.Publish\AgileEAP.Tool.Publish.csproj", "{ADBF6FEB-0F85-4507-B172-85129B870F8B}"
EndProject
Global
	GlobalSection(SolutionConfigurationPlatforms) = preSolution
		Debug|Any CPU = Debug|Any CPU
		Release|Any CPU = Release|Any CPU
	EndGlobalSection
	GlobalSection(ProjectConfigurationPlatforms) = postSolution
		{ADBF6FEB-0F85-4507-B172-85129B870F8B}.Debug|Any CPU.ActiveCfg = Debug|Any CPU
		{ADBF6FEB-0F85-4507-B172-85129B870F8B}.Debug|Any CPU.Build.0 = Debug|Any CPU
		{ADBF6FEB-0F85-4507-B172-85129B870F8B}.Release|Any CPU.ActiveCfg = Release|Any CPU
		{ADBF6FEB-0F85-4507-B172-85129B870F8B}.Release|Any CPU.Build.0 = Release|Any CPU
	EndGlobalSection
	GlobalSection(SolutionProperties) = preSolution
		HideSolutionNode = FALSE
	EndGlobalSection
EndGlobal
